<?xml version="1.0" encoding="utf-8"?>
<Project ToolsVersion="4.0" xmlns="http://schemas.microsoft.com/developer/msbuild/2003">
  <ItemGroup>
    <Filter Include="Source Files">
      <UniqueIdentifier>{4FC737F1-C7A5-4376-A066-2A32D752A2FF}</UniqueIdentifier>
      <Extensions>cpp;c;cc;cxx;c++;cppm;ixx;def;odl;idl;hpj;bat;asm;asmx</Extensions>
    </Filter>
    <Filter Include="Header Files">
      <UniqueIdentifier>{93995380-89BD-4b04-88EB-625FBE52EBFB}</UniqueIdentifier>
      <Extensions>h;hh;hpp;hxx;h++;hm;inl;inc;ipp;xsd</Extensions>
    </Filter>
    <Filter Include="Resource Files">
      <UniqueIdentifier>{67DA6AB6-F800-4c08-8B7A-83BB121AAD01}</UniqueIdentifier>
      <Extensions>rc;ico;cur;bmp;dlg;rc2;rct;bin;rgs;gif;jpg;jpeg;jpe;resx;tiff;tif;png;wav;mfcribbon-ms</Extensions>
    </Filter>
    <Filter Include="Header Files\NoInclude">
      <UniqueIdentifier>{e77d37e0-edbd-40d8-8afc-c19e0eddb7ca}</UniqueIdentifier>
    </Filter>
    <Filter Include="Source Files\NoInclude">
      <UniqueIdentifier>{e75163e6-260e-42ab-a487-b25cc969ecd4}</UniqueIdentifier>
    </Filter>
    <Filter Include="Header Files\NoInclude\Main">
      <UniqueIdentifier>{d212def4-c21c-4d8c-b4d9-bff1a9e0b14d}</UniqueIdentifier>
    </Filter>
    <Filter Include="Source Files\NoInclude\Main">
      <UniqueIdentifier>{f7e08345-1cc7-416b-b0f1-f0e93c78e2d9}</UniqueIdentifier>
    </Filter>
    <Filter Include="Header Files\Include">
      <UniqueIdentifier>{67fbb59e-5b6c-4cf8-ba7a-65d9924abd3a}</UniqueIdentifier>
    </Filter>
    <Filter Include="Header Files\Include\Main">
      <UniqueIdentifier>{e19f5174-4111-4f80-b815-eed1e9095210}</UniqueIdentifier>
    </Filter>
    <Filter Include="Source Files\Include">
      <UniqueIdentifier>{3ecd3381-f0c8-4771-bccb-ffa365b665d8}</UniqueIdentifier>
    </Filter>
    <Filter Include="Source Files\Include\Main">
      <UniqueIdentifier>{76a6b382-a321-4c89-8445-b8713a4a7614}</UniqueIdentifier>
    </Filter>
    <Filter Include="Header Files\Include\Main\EventHandler">
      <UniqueIdentifier>{55e3baf4-2a31-4feb-8c90-a41e6cf7f3fa}</UniqueIdentifier>
    </Filter>
    <Filter Include="Header Files\Include\Common">
      <UniqueIdentifier>{9ef9f650-1384-4a25-962f-a124f7473358}</UniqueIdentifier>
    </Filter>
    <Filter Include="Header Files\NoInclude\Main\EventHandler">
      <UniqueIdentifier>{65770f79-f2d6-40e9-8223-8b4bab867e41}</UniqueIdentifier>
    </Filter>
    <Filter Include="Source Files\Include\Main\EventHandler">
      <UniqueIdentifier>{93f61c4c-6a4f-41c4-b90a-15b6bf3d229e}</UniqueIdentifier>
    </Filter>
    <Filter Include="Source Files\NoInclude\Main\EventHandler">
      <UniqueIdentifier>{b381b9ed-6243-4500-bdcf-b49861342232}</UniqueIdentifier>
    </Filter>
    <Filter Include="Source Files\Include\Common">
      <UniqueIdentifier>{638d1e8e-65b2-49de-85ea-9ae8062593d7}</UniqueIdentifier>
    </Filter>
    <Filter Include="Header Files\Include\Instance">
      <UniqueIdentifier>{d668984a-877e-462c-9aba-201822ffdee8}</UniqueIdentifier>
    </Filter>
    <Filter Include="Header Files\NoInclude\Instance">
      <UniqueIdentifier>{05c85ff0-1702-4154-994f-94d0d842cd8f}</UniqueIdentifier>
    </Filter>
    <Filter Include="Source Files\Include\Instance">
      <UniqueIdentifier>{fdb45629-5436-426c-a083-1dbf292d3f58}</UniqueIdentifier>
    </Filter>
    <Filter Include="Source Files\NoInclude\Instance">
      <UniqueIdentifier>{7eca6af5-fb01-4e4c-8b3d-4c8cba91bd71}</UniqueIdentifier>
    </Filter>
  </ItemGroup>
  <ItemGroup>
    <ClInclude Include="Include\VSCommon\VSCommonIframework.h">
      <Filter>Header Files\Include\Common</Filter>
    </ClInclude>
    <ClInclude Include="Include\VSCommon\VSCommonIpch.h">
      <Filter>Header Files\Include\Common</Filter>
    </ClInclude>
    <ClInclude Include="Include\VSCommon\VSVersionData.h">
      <Filter>Header Files\Include\Common</Filter>
    </ClInclude>
    <ClInclude Include="Include\VSMain\EventHandler\SdlAppEventsData.h">
      <Filter>Header Files\Include\Main\EventHandler</Filter>
    </ClInclude>
    <ClInclude Include="Include\VSMain\EventHandler\SdlAudioDeviceEventData.h">
      <Filter>Header Files\Include\Main\EventHandler</Filter>
    </ClInclude>
    <ClInclude Include="Include\VSMain\EventHandler\SdlClipboardEventData.h">
      <Filter>Header Files\Include\Main\EventHandler</Filter>
    </ClInclude>
    <ClInclude Include="Include\VSMain\EventHandler\SdlControllerEventsData.h">
      <Filter>Header Files\Include\Main\EventHandler</Filter>
    </ClInclude>
    <ClInclude Include="Include\VSMain\EventHandler\SdlDisplayEventData.h">
      <Filter>Header Files\Include\Main\EventHandler</Filter>
    </ClInclude>
    <ClInclude Include="Include\VSMain\EventHandler\SdlDropEventData.h">
      <Filter>Header Files\Include\Main\EventHandler</Filter>
    </ClInclude>
    <ClInclude Include="Include\VSMain\EventHandler\SdlEhIframework.h">
      <Filter>Header Files\Include\Main\EventHandler</Filter>
    </ClInclude>
    <ClInclude Include="Include\VSMain\EventHandler\SdlEhIpch.h">
      <Filter>Header Files\Include\Main\EventHandler</Filter>
    </ClInclude>
    <ClInclude Include="Include\VSMain\EventHandler\SdlEventHandler.h">
      <Filter>Header Files\Include\Main\EventHandler</Filter>
    </ClInclude>
    <ClInclude Include="Include\VSMain\EventHandler\SdlEventHandlerInitData.h">
      <Filter>Header Files\Include\Main\EventHandler</Filter>
    </ClInclude>
    <ClInclude Include="Include\VSMain\EventHandler\SdlEventHandlerTypedefs.h">
      <Filter>Header Files\Include\Main\EventHandler</Filter>
    </ClInclude>
    <ClInclude Include="Include\VSMain\EventHandler\SdlJoyEventsData.h">
      <Filter>Header Files\Include\Main\EventHandler</Filter>
    </ClInclude>
    <ClInclude Include="Include\VSMain\EventHandler\SdlKeyboardEventsData.h">
      <Filter>Header Files\Include\Main\EventHandler</Filter>
    </ClInclude>
    <ClInclude Include="Include\VSMain\EventHandler\SdlLocaleChangedEventData.h">
      <Filter>Header Files\Include\Main\EventHandler</Filter>
    </ClInclude>
    <ClInclude Include="Include\VSMain\EventHandler\SdlMouseEventsData.h">
      <Filter>Header Files\Include\Main\EventHandler</Filter>
    </ClInclude>
    <ClInclude Include="Include\VSMain\EventHandler\SdlQuitEventData.h">
      <Filter>Header Files\Include\Main\EventHandler</Filter>
    </ClInclude>
    <ClInclude Include="Include\VSMain\EventHandler\SdlRenderEventsData.h">
      <Filter>Header Files\Include\Main\EventHandler</Filter>
    </ClInclude>
    <ClInclude Include="Include\VSMain\EventHandler\SdlSensorEventData.h">
      <Filter>Header Files\Include\Main\EventHandler</Filter>
    </ClInclude>
    <ClInclude Include="Include\VSMain\EventHandler\SdlTextEventsData.h">
      <Filter>Header Files\Include\Main\EventHandler</Filter>
    </ClInclude>
    <ClInclude Include="Include\VSMain\EventHandler\SdlTouchpadEventData.h">
      <Filter>Header Files\Include\Main\EventHandler</Filter>
    </ClInclude>
    <ClInclude Include="Include\VSMain\EventHandler\SdlUserEventData.h">
      <Filter>Header Files\Include\Main\EventHandler</Filter>
    </ClInclude>
    <ClInclude Include="Include\VSMain\EventHandler\SdlWindowEventData.h">
      <Filter>Header Files\Include\Main\EventHandler</Filter>
    </ClInclude>
    <ClInclude Include="Include\VSMain\VSMain.h">
      <Filter>Header Files\Include\Main</Filter>
    </ClInclude>
    <ClInclude Include="Include\VSMain\VSMainIframework.h">
      <Filter>Header Files\Include\Main</Filter>
    </ClInclude>
    <ClInclude Include="Include\VSMain\VSMainInitData.h">
      <Filter>Header Files\Include\Main</Filter>
    </ClInclude>
    <ClInclude Include="Include\VSMain\VSMainIpch.h">
      <Filter>Header Files\Include\Main</Filter>
    </ClInclude>
    <ClInclude Include="Include\VSMain\VSInstanceExtensionPacksList.h">
      <Filter>Header Files\Include\Main</Filter>
    </ClInclude>
    <ClInclude Include="Include\VSMain\VSInstanceLayerPacksList.h">
      <Filter>Header Files\Include\Main</Filter>
    </ClInclude>
    <ClInclude Include="NoInclude\VSMain\EventHandler\SdlEhNIframework.h">
      <Filter>Header Files\NoInclude\Main\EventHandler</Filter>
    </ClInclude>
    <ClInclude Include="NoInclude\VSMain\EventHandler\SdlEhNIpch.h">
      <Filter>Header Files\NoInclude\Main\EventHandler</Filter>
    </ClInclude>
    <ClInclude Include="NoInclude\VSMain\EventHandler\SdlEventHandlerInternal.h">
      <Filter>Header Files\NoInclude\Main\EventHandler</Filter>
    </ClInclude>
    <ClInclude Include="NoInclude\VSMain\VSMainInternal.h">
      <Filter>Header Files\NoInclude\Main</Filter>
    </ClInclude>
    <ClInclude Include="NoInclude\VSMain\VSMainNIframework.h">
      <Filter>Header Files\NoInclude\Main</Filter>
    </ClInclude>
    <ClInclude Include="NoInclude\VSMain\VSMainNIpch.h">
      <Filter>Header Files\NoInclude\Main</Filter>
    </ClInclude>
    <ClInclude Include="Include\VSInstance\VSInstance.h">
      <Filter>Header Files\Include\Instance</Filter>
    </ClInclude>
    <ClInclude Include="Include\VSInstance\VSInstanceInitData.h">
      <Filter>Header Files\Include\Instance</Filter>
    </ClInclude>
    <ClInclude Include="Include\VSInstance\VSInstanceIpch.h">
      <Filter>Header Files\Include\Instance</Filter>
    </ClInclude>
    <ClInclude Include="Include\VSInstance\VSInstanceIframework.h">
      <Filter>Header Files\Include\Instance</Filter>
    </ClInclude>
    <ClInclude Include="NoInclude\VSInstance\VSDebugCallback.h">
      <Filter>Header Files\NoInclude\Instance</Filter>
    </ClInclude>
    <ClInclude Include="NoInclude\VSInstance\VSInstanceInitDataInternal.h">
      <Filter>Header Files\NoInclude\Instance</Filter>
    </ClInclude>
    <ClInclude Include="NoInclude\VSInstance\VSInstanceInternal.h">
      <Filter>Header Files\NoInclude\Instance</Filter>
    </ClInclude>
    <ClInclude Include="NoInclude\VSInstance\VSInstanceNIframework.h">
      <Filter>Header Files\NoInclude\Instance</Filter>
    </ClInclude>
    <ClInclude Include="NoInclude\VSInstance\VSInstanceNIpch.h">
      <Filter>Header Files\NoInclude\Instance</Filter>
    </ClInclude>
  </ItemGroup>
  <ItemGroup>
    <ClCompile Include="Include\VSCommon\VSCommonIpch.cpp">
      <Filter>Source Files\Include\Common</Filter>
    </ClCompile>
    <ClCompile Include="Include\VSMain\EventHandler\SdlAppEventsData.cpp">
      <Filter>Source Files\Include\Main\EventHandler</Filter>
    </ClCompile>
    <ClCompile Include="Include\VSMain\EventHandler\SdlAudioDeviceEventData.cpp">
      <Filter>Source Files\Include\Main\EventHandler</Filter>
    </ClCompile>
    <ClCompile Include="Include\VSMain\EventHandler\SdlClipboardEventData.cpp">
      <Filter>Source Files\Include\Main\EventHandler</Filter>
    </ClCompile>
    <ClCompile Include="Include\VSMain\EventHandler\SdlControllerEventsData.cpp">
      <Filter>Source Files\Include\Main\EventHandler</Filter>
    </ClCompile>
    <ClCompile Include="Include\VSMain\EventHandler\SdlDisplayEventData.cpp">
      <Filter>Source Files\Include\Main\EventHandler</Filter>
    </ClCompile>
    <ClCompile Include="Include\VSMain\EventHandler\SdlDropEventData.cpp">
      <Filter>Source Files\Include\Main\EventHandler</Filter>
    </ClCompile>
    <ClCompile Include="Include\VSMain\EventHandler\SdlEhIpch.cpp">
      <Filter>Source Files\Include\Main\EventHandler</Filter>
    </ClCompile>
    <ClCompile Include="Include\VSMain\EventHandler\SdlEventHandler.cpp">
      <Filter>Source Files\Include\Main\EventHandler</Filter>
    </ClCompile>
    <ClCompile Include="Include\VSMain\EventHandler\SdlEventHandlerInitData.cpp">
      <Filter>Source Files\Include\Main\EventHandler</Filter>
    </ClCompile>
    <ClCompile Include="Include\VSMain\EventHandler\SdlJoyEventsData.cpp">
      <Filter>Source Files\Include\Main\EventHandler</Filter>
    </ClCompile>
    <ClCompile Include="Include\VSMain\EventHandler\SdlKeyboardEventsData.cpp">
      <Filter>Source Files\Include\Main\EventHandler</Filter>
    </ClCompile>
    <ClCompile Include="Include\VSMain\EventHandler\SdlLocaleChangedEventData.cpp">
      <Filter>Source Files\Include\Main\EventHandler</Filter>
    </ClCompile>
    <ClCompile Include="Include\VSMain\EventHandler\SdlMouseEventsData.cpp">
      <Filter>Source Files\Include\Main\EventHandler</Filter>
    </ClCompile>
    <ClCompile Include="Include\VSMain\EventHandler\SdlQuitEventData.cpp">
      <Filter>Source Files\Include\Main\EventHandler</Filter>
    </ClCompile>
    <ClCompile Include="Include\VSMain\EventHandler\SdlRenderEventsData.cpp">
      <Filter>Source Files\Include\Main\EventHandler</Filter>
    </ClCompile>
    <ClCompile Include="Include\VSMain\EventHandler\SdlSensorEventData.cpp">
      <Filter>Source Files\Include\Main\EventHandler</Filter>
    </ClCompile>
    <ClCompile Include="Include\VSMain\EventHandler\SdlTextEventsData.cpp">
      <Filter>Source Files\Include\Main\EventHandler</Filter>
    </ClCompile>
    <ClCompile Include="Include\VSMain\EventHandler\SdlTouchpadEventData.cpp">
      <Filter>Source Files\Include\Main\EventHandler</Filter>
    </ClCompile>
    <ClCompile Include="Include\VSMain\EventHandler\SdlUserEventData.cpp">
      <Filter>Source Files\Include\Main\EventHandler</Filter>
    </ClCompile>
    <ClCompile Include="Include\VSMain\EventHandler\SdlWindowEventData.cpp">
      <Filter>Source Files\Include\Main\EventHandler</Filter>
    </ClCompile>
    <ClCompile Include="NoInclude\VSMain\EventHandler\SdlEhNIpch.cpp">
      <Filter>Source Files\NoInclude\Main\EventHandler</Filter>
    </ClCompile>
    <ClCompile Include="NoInclude\VSMain\EventHandler\SdlEventHandlerInternal.cpp">
      <Filter>Source Files\NoInclude\Main\EventHandler</Filter>
    </ClCompile>
    <ClCompile Include="Include\VSMain\VSInstanceExtensionPacksList.cpp">
      <Filter>Source Files\Include\Main</Filter>
    </ClCompile>
    <ClCompile Include="Include\VSMain\VSInstanceLayerPacksList.cpp">
      <Filter>Source Files\Include\Main</Filter>
    </ClCompile>
    <ClCompile Include="Include\VSCommon\VSVersionData.cpp">
      <Filter>Source Files\Include\Common</Filter>
    </ClCompile>
    <ClCompile Include="Include\VSMain\VSMain.cpp">
      <Filter>Source Files\Include\Main</Filter>
    </ClCompile>
    <ClCompile Include="Include\VSMain\VSMainInitData.cpp">
      <Filter>Source Files\Include\Main</Filter>
    </ClCompile>
    <ClCompile Include="Include\VSMain\VSMainIpch.cpp">
      <Filter>Source Files\Include\Main</Filter>
    </ClCompile>
    <ClCompile Include="NoInclude\VSMain\VSMainInternal.cpp">
      <Filter>Source Files\NoInclude\Main</Filter>
    </ClCompile>
    <ClCompile Include="NoInclude\VSMain\VSMainNIpch.cpp">
      <Filter>Source Files\NoInclude\Main</Filter>
    </ClCompile>
    <ClCompile Include="Include\VSInstance\VSInstance.cpp">
      <Filter>Source Files\Include\Instance</Filter>
    </ClCompile>
    <ClCompile Include="Include\VSInstance\VSInstanceInitData.cpp">
      <Filter>Source Files\Include\Instance</Filter>
    </ClCompile>
    <ClCompile Include="Include\VSInstance\VSInstanceIpch.cpp">
      <Filter>Source Files\Include\Instance</Filter>
    </ClCompile>
    <ClCompile Include="NoInclude\VSInstance\VSDebugCallback.cpp">
      <Filter>Source Files\NoInclude\Instance</Filter>
    </ClCompile>
    <ClCompile Include="NoInclude\VSInstance\VSInstanceInitDataInternal.cpp">
      <Filter>Source Files\NoInclude\Instance</Filter>
    </ClCompile>
    <ClCompile Include="NoInclude\VSInstance\VSInstanceInternal.cpp">
      <Filter>Source Files\NoInclude\Instance</Filter>
    </ClCompile>
    <ClCompile Include="NoInclude\VSInstance\VSInstanceNIpch.cpp">
      <Filter>Source Files\NoInclude\Instance</Filter>
    </ClCompile>
  </ItemGroup>
</Project>