<?xml version="1.0" encoding="utf-8"?>
<Project ToolsVersion="4.0" xmlns="http://schemas.microsoft.com/developer/msbuild/2003">
  <ItemGroup>
    <Filter Include="Source Files">
      <UniqueIdentifier>{4FC737F1-C7A5-4376-A066-2A32D752A2FF}</UniqueIdentifier>
      <Extensions>cpp;c;cc;cxx;c++;cppm;ixx;def;odl;idl;hpj;bat;asm;asmx</Extensions>
    </Filter>
    <Filter Include="Header Files">
      <UniqueIdentifier>{93995380-89BD-4b04-88EB-625FBE52EBFB}</UniqueIdentifier>
      <Extensions>h;hh;hpp;hxx;h++;hm;inl;inc;ipp;xsd</Extensions>
    </Filter>
    <Filter Include="Resource Files">
      <UniqueIdentifier>{67DA6AB6-F800-4c08-8B7A-83BB121AAD01}</UniqueIdentifier>
      <Extensions>rc;ico;cur;bmp;dlg;rc2;rct;bin;rgs;gif;jpg;jpeg;jpe;resx;tiff;tif;png;wav;mfcribbon-ms</Extensions>
    </Filter>
    <Filter Include="Header Files\Include">
      <UniqueIdentifier>{67fbb59e-5b6c-4cf8-ba7a-65d9924abd3a}</UniqueIdentifier>
    </Filter>
    <Filter Include="Header Files\Include\Main">
      <UniqueIdentifier>{e19f5174-4111-4f80-b815-eed1e9095210}</UniqueIdentifier>
    </Filter>
    <Filter Include="Source Files\Include">
      <UniqueIdentifier>{3ecd3381-f0c8-4771-bccb-ffa365b665d8}</UniqueIdentifier>
    </Filter>
    <Filter Include="Source Files\Include\Main">
      <UniqueIdentifier>{76a6b382-a321-4c89-8445-b8713a4a7614}</UniqueIdentifier>
    </Filter>
    <Filter Include="Header Files\Include\Main\EventHandler">
      <UniqueIdentifier>{55e3baf4-2a31-4feb-8c90-a41e6cf7f3fa}</UniqueIdentifier>
    </Filter>
    <Filter Include="Header Files\Include\Common">
      <UniqueIdentifier>{9ef9f650-1384-4a25-962f-a124f7473358}</UniqueIdentifier>
    </Filter>
    <Filter Include="Source Files\Include\Main\EventHandler">
      <UniqueIdentifier>{93f61c4c-6a4f-41c4-b90a-15b6bf3d229e}</UniqueIdentifier>
    </Filter>
    <Filter Include="Source Files\Include\Common">
      <UniqueIdentifier>{638d1e8e-65b2-49de-85ea-9ae8062593d7}</UniqueIdentifier>
    </Filter>
    <Filter Include="Header Files\Include\Instance">
      <UniqueIdentifier>{d668984a-877e-462c-9aba-201822ffdee8}</UniqueIdentifier>
    </Filter>
    <Filter Include="Source Files\Include\Instance">
      <UniqueIdentifier>{fdb45629-5436-426c-a083-1dbf292d3f58}</UniqueIdentifier>
    </Filter>
    <Filter Include="Source Files\DoNotInclude">
      <UniqueIdentifier>{e75163e6-260e-42ab-a487-b25cc969ecd4}</UniqueIdentifier>
    </Filter>
    <Filter Include="Source Files\DoNotInclude\Main">
      <UniqueIdentifier>{f7e08345-1cc7-416b-b0f1-f0e93c78e2d9}</UniqueIdentifier>
    </Filter>
    <Filter Include="Source Files\DoNotInclude\Main\EventHandler">
      <UniqueIdentifier>{b381b9ed-6243-4500-bdcf-b49861342232}</UniqueIdentifier>
    </Filter>
    <Filter Include="Source Files\DoNotInclude\Instance">
      <UniqueIdentifier>{7eca6af5-fb01-4e4c-8b3d-4c8cba91bd71}</UniqueIdentifier>
    </Filter>
    <Filter Include="Header Files\DoNotInclude">
      <UniqueIdentifier>{e77d37e0-edbd-40d8-8afc-c19e0eddb7ca}</UniqueIdentifier>
    </Filter>
    <Filter Include="Header Files\DoNotInclude\Main">
      <UniqueIdentifier>{d212def4-c21c-4d8c-b4d9-bff1a9e0b14d}</UniqueIdentifier>
    </Filter>
    <Filter Include="Header Files\DoNotInclude\Main\EventHandler">
      <UniqueIdentifier>{65770f79-f2d6-40e9-8223-8b4bab867e41}</UniqueIdentifier>
    </Filter>
    <Filter Include="Header Files\DoNotInclude\Instance">
      <UniqueIdentifier>{05c85ff0-1702-4154-994f-94d0d842cd8f}</UniqueIdentifier>
    </Filter>
    <Filter Include="Source Files\DoNotInclude\Common">
      <UniqueIdentifier>{7becce5b-8fa6-4834-8863-a8f67cf11533}</UniqueIdentifier>
    </Filter>
    <Filter Include="Source Files\DoNotInclude\Device">
      <UniqueIdentifier>{30fd2678-f19d-4d5b-9f25-f9e9e6089f75}</UniqueIdentifier>
    </Filter>
    <Filter Include="Source Files\Include\Device">
      <UniqueIdentifier>{aeb65fa4-58ad-4de5-bff8-59ab82d7b427}</UniqueIdentifier>
    </Filter>
    <Filter Include="Header Files\DoNotInclude\Common">
      <UniqueIdentifier>{2c8a3f19-df82-4956-ae54-1cb0467bf0f9}</UniqueIdentifier>
    </Filter>
    <Filter Include="Header Files\DoNotInclude\Device">
      <UniqueIdentifier>{b6421956-6f14-4349-b627-ad78da3489cf}</UniqueIdentifier>
    </Filter>
    <Filter Include="Header Files\Include\Device">
      <UniqueIdentifier>{12f16380-1c08-4c93-bead-436edb58e10b}</UniqueIdentifier>
    </Filter>
  </ItemGroup>
  <ItemGroup>
    <ClInclude Include="Include\VSCommon\VSCommonIframework.h">
      <Filter>Header Files\Include\Common</Filter>
    </ClInclude>
    <ClInclude Include="Include\VSCommon\VSCommonIpch.h">
      <Filter>Header Files\Include\Common</Filter>
    </ClInclude>
    <ClInclude Include="Include\VSCommon\VSVersionData.h">
      <Filter>Header Files\Include\Common</Filter>
    </ClInclude>
    <ClInclude Include="Include\VSMain\EventHandler\SdlAppEventsData.h">
      <Filter>Header Files\Include\Main\EventHandler</Filter>
    </ClInclude>
    <ClInclude Include="Include\VSMain\EventHandler\SdlAudioDeviceEventData.h">
      <Filter>Header Files\Include\Main\EventHandler</Filter>
    </ClInclude>
    <ClInclude Include="Include\VSMain\EventHandler\SdlClipboardEventData.h">
      <Filter>Header Files\Include\Main\EventHandler</Filter>
    </ClInclude>
    <ClInclude Include="Include\VSMain\EventHandler\SdlControllerEventsData.h">
      <Filter>Header Files\Include\Main\EventHandler</Filter>
    </ClInclude>
    <ClInclude Include="Include\VSMain\EventHandler\SdlDisplayEventData.h">
      <Filter>Header Files\Include\Main\EventHandler</Filter>
    </ClInclude>
    <ClInclude Include="Include\VSMain\EventHandler\SdlDropEventData.h">
      <Filter>Header Files\Include\Main\EventHandler</Filter>
    </ClInclude>
    <ClInclude Include="Include\VSMain\EventHandler\SdlEhIframework.h">
      <Filter>Header Files\Include\Main\EventHandler</Filter>
    </ClInclude>
    <ClInclude Include="Include\VSMain\EventHandler\SdlEhIpch.h">
      <Filter>Header Files\Include\Main\EventHandler</Filter>
    </ClInclude>
    <ClInclude Include="Include\VSMain\EventHandler\SdlEventHandler.h">
      <Filter>Header Files\Include\Main\EventHandler</Filter>
    </ClInclude>
    <ClInclude Include="Include\VSMain\EventHandler\SdlEventHandlerInitData.h">
      <Filter>Header Files\Include\Main\EventHandler</Filter>
    </ClInclude>
    <ClInclude Include="Include\VSMain\EventHandler\SdlEventHandlerTypedefs.h">
      <Filter>Header Files\Include\Main\EventHandler</Filter>
    </ClInclude>
    <ClInclude Include="Include\VSMain\EventHandler\SdlJoyEventsData.h">
      <Filter>Header Files\Include\Main\EventHandler</Filter>
    </ClInclude>
    <ClInclude Include="Include\VSMain\EventHandler\SdlKeyboardEventsData.h">
      <Filter>Header Files\Include\Main\EventHandler</Filter>
    </ClInclude>
    <ClInclude Include="Include\VSMain\EventHandler\SdlLocaleChangedEventData.h">
      <Filter>Header Files\Include\Main\EventHandler</Filter>
    </ClInclude>
    <ClInclude Include="Include\VSMain\EventHandler\SdlMouseEventsData.h">
      <Filter>Header Files\Include\Main\EventHandler</Filter>
    </ClInclude>
    <ClInclude Include="Include\VSMain\EventHandler\SdlQuitEventData.h">
      <Filter>Header Files\Include\Main\EventHandler</Filter>
    </ClInclude>
    <ClInclude Include="Include\VSMain\EventHandler\SdlRenderEventsData.h">
      <Filter>Header Files\Include\Main\EventHandler</Filter>
    </ClInclude>
    <ClInclude Include="Include\VSMain\EventHandler\SdlSensorEventData.h">
      <Filter>Header Files\Include\Main\EventHandler</Filter>
    </ClInclude>
    <ClInclude Include="Include\VSMain\EventHandler\SdlTextEventsData.h">
      <Filter>Header Files\Include\Main\EventHandler</Filter>
    </ClInclude>
    <ClInclude Include="Include\VSMain\EventHandler\SdlTouchpadEventData.h">
      <Filter>Header Files\Include\Main\EventHandler</Filter>
    </ClInclude>
    <ClInclude Include="Include\VSMain\EventHandler\SdlUserEventData.h">
      <Filter>Header Files\Include\Main\EventHandler</Filter>
    </ClInclude>
    <ClInclude Include="Include\VSMain\EventHandler\SdlWindowEventData.h">
      <Filter>Header Files\Include\Main\EventHandler</Filter>
    </ClInclude>
    <ClInclude Include="Include\VSMain\VSMain.h">
      <Filter>Header Files\Include\Main</Filter>
    </ClInclude>
    <ClInclude Include="Include\VSMain\VSMainIframework.h">
      <Filter>Header Files\Include\Main</Filter>
    </ClInclude>
    <ClInclude Include="Include\VSMain\VSMainInitData.h">
      <Filter>Header Files\Include\Main</Filter>
    </ClInclude>
    <ClInclude Include="Include\VSMain\VSMainIpch.h">
      <Filter>Header Files\Include\Main</Filter>
    </ClInclude>
    <ClInclude Include="Include\VSMain\VSInstanceExtensionPacksList.h">
      <Filter>Header Files\Include\Main</Filter>
    </ClInclude>
    <ClInclude Include="Include\VSMain\VSInstanceLayerPacksList.h">
      <Filter>Header Files\Include\Main</Filter>
    </ClInclude>
    <ClInclude Include="DoNotInclude\VSMain\EventHandler\SdlEhNIframework.h">
      <Filter>Header Files\DoNotInclude\Main\EventHandler</Filter>
    </ClInclude>
    <ClInclude Include="DoNotInclude\VSMain\EventHandler\SdlEhNIpch.h">
      <Filter>Header Files\DoNotInclude\Main\EventHandler</Filter>
    </ClInclude>
    <ClInclude Include="DoNotInclude\VSMain\EventHandler\SdlEventHandlerInternal.h">
      <Filter>Header Files\DoNotInclude\Main\EventHandler</Filter>
    </ClInclude>
    <ClInclude Include="DoNotInclude\VSMain\VSMainInternal.h">
      <Filter>Header Files\DoNotInclude\Main</Filter>
    </ClInclude>
    <ClInclude Include="DoNotInclude\VSMain\VSMainNIframework.h">
      <Filter>Header Files\DoNotInclude\Main</Filter>
    </ClInclude>
    <ClInclude Include="DoNotInclude\VSMain\VSMainNIpch.h">
      <Filter>Header Files\DoNotInclude\Main</Filter>
    </ClInclude>
    <ClInclude Include="Include\VSInstance\VSInstance.h">
      <Filter>Header Files\Include\Instance</Filter>
    </ClInclude>
    <ClInclude Include="Include\VSInstance\VSInstanceCreationData.h">
      <Filter>Header Files\Include\Instance</Filter>
    </ClInclude>
    <ClInclude Include="Include\VSInstance\VSInstanceIpch.h">
      <Filter>Header Files\Include\Instance</Filter>
    </ClInclude>
    <ClInclude Include="Include\VSInstance\VSInstanceIframework.h">
      <Filter>Header Files\Include\Instance</Filter>
    </ClInclude>
    <ClInclude Include="DoNotInclude\VSInstance\VSDebugCallback.h">
      <Filter>Header Files\DoNotInclude\Instance</Filter>
    </ClInclude>
    <ClInclude Include="DoNotInclude\VSInstance\VSInstanceInternalCreationData.h">
      <Filter>Header Files\DoNotInclude\Instance</Filter>
    </ClInclude>
    <ClInclude Include="DoNotInclude\VSInstance\VSInstanceInternal.h">
      <Filter>Header Files\DoNotInclude\Instance</Filter>
    </ClInclude>
    <ClInclude Include="DoNotInclude\VSInstance\VSInstanceNIframework.h">
      <Filter>Header Files\DoNotInclude\Instance</Filter>
    </ClInclude>
    <ClInclude Include="DoNotInclude\VSInstance\VSInstanceNIpch.h">
      <Filter>Header Files\DoNotInclude\Instance</Filter>
    </ClInclude>
    <ClInclude Include="Include\VSCommon\VSBool64.h">
      <Filter>Header Files\Include\Common</Filter>
    </ClInclude>
    <ClInclude Include="DoNotInclude\VSCommon\VSCommonNIframework.h">
      <Filter>Header Files\DoNotInclude\Common</Filter>
    </ClInclude>
    <ClInclude Include="DoNotInclude\VSCommon\VSCommonNIpch.h">
      <Filter>Header Files\DoNotInclude\Common</Filter>
    </ClInclude>
    <ClInclude Include="DoNotInclude\VSCommon\VSCStringsComparison.h">
      <Filter>Header Files\DoNotInclude\Common</Filter>
    </ClInclude>
    <ClInclude Include="Include\VSDevice\VSDeviceCore.h">
      <Filter>Header Files\Include\Device</Filter>
    </ClInclude>
    <ClInclude Include="DoNotInclude\VSDevice\VSDeviceCoreInternal.h">
      <Filter>Header Files\DoNotInclude\Device</Filter>
    </ClInclude>
    <ClInclude Include="Include\VSDevice\VSDeviceIframework.h">
      <Filter>Header Files\Include\Device</Filter>
    </ClInclude>
    <ClInclude Include="Include\VSDevice\VSDeviceIpch.h">
      <Filter>Header Files\Include\Device</Filter>
    </ClInclude>
    <ClInclude Include="DoNotInclude\VSDevice\VSDeviceNIframework.h">
      <Filter>Header Files\DoNotInclude\Device</Filter>
    </ClInclude>
    <ClInclude Include="DoNotInclude\VSDevice\VSDeviceNIpch.h">
      <Filter>Header Files\DoNotInclude\Device</Filter>
    </ClInclude>
    <ClInclude Include="Include\VSDevice\VSDeviceMain.h">
      <Filter>Header Files\Include\Device</Filter>
    </ClInclude>
    <ClInclude Include="DoNotInclude\VSDevice\VSDeviceMainInternal.h">
      <Filter>Header Files\DoNotInclude\Device</Filter>
    </ClInclude>
    <ClInclude Include="Include\VSInstance\VSDeviceExtensionPacksList.h">
      <Filter>Header Files\Include\Instance</Filter>
    </ClInclude>
    <ClInclude Include="Include\VSInstance\VSDeviceQueueFamilyData.h">
      <Filter>Header Files\Include\Instance</Filter>
    </ClInclude>
    <ClInclude Include="Include\VSInstance\VSDevicesSupportedFormats.h">
      <Filter>Header Files\Include\Instance</Filter>
    </ClInclude>
    <ClInclude Include="Include\VSInstance\VSDeviceSwapchainSupportData.h">
      <Filter>Header Files\Include\Instance</Filter>
    </ClInclude>
    <ClInclude Include="Include\VSInstance\VSDeviceVulkan10FeatureFlags.h">
      <Filter>Header Files\Include\Instance</Filter>
    </ClInclude>
    <ClInclude Include="Include\VSInstance\VSDeviceVulkan10Features.h">
      <Filter>Header Files\Include\Instance</Filter>
    </ClInclude>
    <ClInclude Include="Include\VSInstance\VSDeviceVulkan10Limits.h">
      <Filter>Header Files\Include\Instance</Filter>
    </ClInclude>
    <ClInclude Include="Include\VSInstance\VSDeviceVulkan10Properties.h">
      <Filter>Header Files\Include\Instance</Filter>
    </ClInclude>
    <ClInclude Include="Include\VSCommon\VSImageUsageFlags.h">
      <Filter>Header Files\Include\Common</Filter>
    </ClInclude>
    <ClInclude Include="Include\VSCommon\VSMemoryData.h">
      <Filter>Header Files\Include\Common</Filter>
    </ClInclude>
    <ClInclude Include="DoNotInclude\VSCommon\VSDataFormatFlagsInternal.h">
      <Filter>Header Files\DoNotInclude\Common</Filter>
    </ClInclude>
    <ClInclude Include="Include\VSCommon\VSDataFormatFlags.h">
      <Filter>Header Files\Include\Common</Filter>
    </ClInclude>
    <ClInclude Include="Include\VSInstance\VSLogicalDeviceCreateInfo.h">
      <Filter>Header Files\Include\Instance</Filter>
    </ClInclude>
    <ClInclude Include="DoNotInclude\VSInstance\VsLogicalDeviceInternalCreationData.h">
      <Filter>Header Files\DoNotInclude\Instance</Filter>
    </ClInclude>
    <ClInclude Include="Include\VSInstance\VSPhysicalDeviceData.h">
      <Filter>Header Files\Include\Instance</Filter>
    </ClInclude>
    <ClInclude Include="DoNotInclude\VSInstance\VSPhysicalDeviceDataInternal.h">
      <Filter>Header Files\DoNotInclude\Instance</Filter>
    </ClInclude>
    <ClInclude Include="Include\VSDevice\VSDeviceInitialCapacitiesList.h">
      <Filter>Header Files\Include\Device</Filter>
    </ClInclude>
    <ClInclude Include="Include\VSDevice\VSWindowListInitialCapacities.h">
      <Filter>Header Files\Include\Device</Filter>
    </ClInclude>
    <ClInclude Include="Include\VSDevice\VSWindowList.h">
      <Filter>Header Files\Include\Device</Filter>
    </ClInclude>
    <ClInclude Include="DoNotInclude\VSDevice\VSWindowListInternal.h">
      <Filter>Header Files\DoNotInclude\Device</Filter>
    </ClInclude>
    <ClInclude Include="DoNotInclude\VSDevice\VSAutoCleanupFragmentShaderModule.h">
      <Filter>Header Files\DoNotInclude\Device</Filter>
    </ClInclude>
    <ClInclude Include="DoNotInclude\VSDevice\VSAutoCleanupShaderModule.h">
      <Filter>Header Files\DoNotInclude\Device</Filter>
    </ClInclude>
    <ClInclude Include="DoNotInclude\VSDevice\VSAutoCleanupVertexShaderModule.h">
      <Filter>Header Files\DoNotInclude\Device</Filter>
    </ClInclude>
    <ClInclude Include="DoNotInclude\VSDevice\VSShaderListsInternal.h">
      <Filter>Header Files\DoNotInclude\Device</Filter>
    </ClInclude>
    <ClInclude Include="Include\VSDevice\VSShaderLists.h">
      <Filter>Header Files\Include\Device</Filter>
    </ClInclude>
    <ClInclude Include="Include\VSDevice\VSShaderListsInitialCapacitiesList.h">
      <Filter>Header Files\Include\Device</Filter>
    </ClInclude>
    <ClInclude Include="Include\VSCommon\VSSurfacePresentModes.h">
      <Filter>Header Files\Include\Common</Filter>
    </ClInclude>
    <ClInclude Include="Include\VSDevice\VSSwapchainCreationData.h">
      <Filter>Header Files\Include\Device</Filter>
    </ClInclude>
    <ClInclude Include="Include\VSDevice\VSWindowCreationData.h">
      <Filter>Header Files\Include\Device</Filter>
    </ClInclude>
    <ClInclude Include="Include\VSDevice\VSWindow.h">
      <Filter>Header Files\Include\Device</Filter>
    </ClInclude>
    <ClInclude Include="Include\VSDevice\VSWindowPointer.h">
      <Filter>Header Files\Include\Device</Filter>
    </ClInclude>
    <ClInclude Include="DoNotInclude\VSDevice\VSWindowInternal.h">
      <Filter>Header Files\DoNotInclude\Device</Filter>
    </ClInclude>
    <ClInclude Include="DoNotInclude\VSSharedData\VSSharedNIframework.h">
      <Filter>Header Files</Filter>
    </ClInclude>
    <ClInclude Include="DoNotInclude\VSSharedData\VSSharedNIpch.h">
      <Filter>Header Files</Filter>
    </ClInclude>
    <ClInclude Include="Include\VSSharedData\VSSharedIframework.h">
      <Filter>Header Files</Filter>
    </ClInclude>
    <ClInclude Include="Include\VSSharedData\VSSharedIpch.h">
      <Filter>Header Files</Filter>
    </ClInclude>
    <ClInclude Include="Include\VSSharedData\VSSharedPipelineDataListsCapacities.h">
      <Filter>Header Files</Filter>
    </ClInclude>
    <ClInclude Include="DoNotInclude\VSSharedData\VSSharedPipelineDataListInternal.h">
      <Filter>Header Files</Filter>
    </ClInclude>
    <ClInclude Include="Include\VSSharedData\VSSharedDataListsCapacities.h">
      <Filter>Header Files</Filter>
    </ClInclude>
    <ClInclude Include="DoNotInclude\VSSharedData\VSSharedDataMainListInternal.h">
      <Filter>Header Files</Filter>
    </ClInclude>
    <ClInclude Include="Include\VSSharedData\VSSharedPipelineDataList.h">
      <Filter>Header Files</Filter>
    </ClInclude>
    <ClInclude Include="Include\VSSharedData\VSSharedDataMainList.h">
      <Filter>Header Files</Filter>
    </ClInclude>
    <ClInclude Include="DoNotInclude\VSSharedData\VSSharedPipelineDataAllElementsInternal.h">
      <Filter>Header Files</Filter>
    </ClInclude>
    <ClInclude Include="DoNotInclude\VSSharedData\VSShaderSpecializationElement.h">
      <Filter>Header Files</Filter>
    </ClInclude>
    <ClInclude Include="Include\VSCommon\VSShaderTypeFlags.h">
      <Filter>Header Files</Filter>
    </ClInclude>
    <ClInclude Include="DoNotInclude\VSSharedData\VSSharedShaderPipelineData.h">
      <Filter>Header Files</Filter>
    </ClInclude>
    <ClInclude Include="DoNotInclude\VSSharedData\VSVertexAttributeDescriptionData.h">
      <Filter>Header Files</Filter>
    </ClInclude>
    <ClInclude Include="DoNotInclude\VSSharedData\VSVertexBindingDescriptionData.h">
      <Filter>Header Files</Filter>
    </ClInclude>
    <ClInclude Include="Include\VSSharedData\VSVertexBindingInputRate.h">
      <Filter>Header Files</Filter>
    </ClInclude>
    <ClInclude Include="DoNotInclude\VSSharedData\VSVertexInputSharedPipelineData.h">
      <Filter>Header Files</Filter>
    </ClInclude>
    <ClInclude Include="DoNotInclude\VSSharedData\VSPipelineViewportData.h">
      <Filter>Header Files</Filter>
    </ClInclude>
    <ClInclude Include="DoNotInclude\VSSharedData\VSPipelineRasterizationData.h">
      <Filter>Header Files</Filter>
    </ClInclude>
    <ClInclude Include="DoNotInclude\VSSharedData\VSPipelineScissorData.h">
      <Filter>Header Files</Filter>
    </ClInclude>
    <ClInclude Include="DoNotInclude\VSSharedData\VSPipelineInputAssemblyData.h">
      <Filter>Header Files</Filter>
    </ClInclude>
    <ClInclude Include="Include\VSSharedData\VSPipelinePrimitiveTopology.h">
      <Filter>Header Files</Filter>
    </ClInclude>
    <ClInclude Include="Include\VSSharedData\VSPipelinePolygonMode.h">
      <Filter>Header Files</Filter>
    </ClInclude>
    <ClInclude Include="DoNotInclude\VSSharedData\VSPipelineMultisampleData.h">
      <Filter>Header Files</Filter>
    </ClInclude>
    <ClInclude Include="Include\VSCommon\VSImageSampleFlags.h">
      <Filter>Header Files</Filter>
    </ClInclude>
    <ClInclude Include="DoNotInclude\VSSharedData\VSPipelineDepthStencilStateData.h">
      <Filter>Header Files</Filter>
    </ClInclude>
    <ClInclude Include="Include\VSSharedData\VSDepthUsage.h">
      <Filter>Header Files</Filter>
    </ClInclude>
    <ClInclude Include="Include\VSCommon\VSCompareOperationsType.h">
      <Filter>Header Files</Filter>
    </ClInclude>
    <ClInclude Include="DoNotInclude\VSSharedData\VSPipelineColorBlendAttachment.h">
      <Filter>Header Files</Filter>
    </ClInclude>
    <ClInclude Include="Include\VSSharedData\VSColorBlendingComponentFlags.h">
      <Filter>Header Files</Filter>
    </ClInclude>
    <ClInclude Include="Include\VSSharedData\VSColorBlendingPreset.h">
      <Filter>Header Files</Filter>
    </ClInclude>
    <ClInclude Include="DoNotInclude\VSSharedData\VSPushConstantData.h">
      <Filter>Header Files</Filter>
    </ClInclude>
    <ClInclude Include="DoNotInclude\VSSharedData\VSSharedDescriptorDataListInternal.h">
      <Filter>Header Files</Filter>
    </ClInclude>
    <ClInclude Include="DoNotInclude\VSSharedData\VSDescriptorSetLayoutBindingData.h">
      <Filter>Header Files</Filter>
    </ClInclude>
    <ClInclude Include="Include\VSSharedData\VSSharedDescriptorDataListCapacities.h">
      <Filter>Header Files</Filter>
    </ClInclude>
    <ClInclude Include="Include\VSSharedData\VSSharedDescriptorDataList.h">
      <Filter>Header Files</Filter>
    </ClInclude>
    <ClInclude Include="Include\VSCommon\VSDataFormatFlagsDef.h">
      <Filter>Header Files</Filter>
    </ClInclude>
    <ClInclude Include="Include\VSCommon\VSImageSampleFlagsDef.h">
      <Filter>Header Files</Filter>
    </ClInclude>
    <ClInclude Include="Include\VSCommon\VSImageUsageFlagsDef.h">
      <Filter>Header Files</Filter>
    </ClInclude>
    <ClInclude Include="Include\VSCommon\VSShaderTypeFlagsDef.h">
      <Filter>Header Files</Filter>
    </ClInclude>
    <ClInclude Include="Include\VSCommon\VSSurfacePresentModesDef.h">
      <Filter>Header Files</Filter>
    </ClInclude>
    <ClInclude Include="Include\VSCommon\VSDescriptorTypeFlags.h">
      <Filter>Header Files</Filter>
    </ClInclude>
    <ClInclude Include="Include\VSCommon\VSDescriptorTypeFlagsDef.h">
      <Filter>Header Files</Filter>
    </ClInclude>
    <ClInclude Include="DoNotInclude\VSDevice\VSDescriptorDataListInternal.h">
      <Filter>Header Files</Filter>
    </ClInclude>
    <ClInclude Include="DoNotInclude\VSDevice\VSAutoCleanupDescriptorSetLayout.h">
      <Filter>Header Files</Filter>
    </ClInclude>
    <ClInclude Include="Include\VSDevice\VSDescriptorListsInitialCapacities.h">
      <Filter>Header Files</Filter>
    </ClInclude>
    <ClInclude Include="Include\VSDevice\VSDescriptorDataList.h">
      <Filter>Header Files</Filter>
    </ClInclude>
    <ClInclude Include="DoNotInclude\VSSharedData\VSRenderPassAttachmentData.h">
      <Filter>Header Files</Filter>
    </ClInclude>
    <ClInclude Include="DoNotInclude\VSSharedData\VSRenderPassAttachmentReference.h">
      <Filter>Header Files</Filter>
    </ClInclude>
    <ClInclude Include="DoNotInclude\VSSharedData\VSSubpassDependencyData.h">
      <Filter>Header Files</Filter>
    </ClInclude>
    <ClInclude Include="DoNotInclude\VSSharedData\VSRenderPassClearValues.h">
      <Filter>Header Files</Filter>
    </ClInclude>
    <ClInclude Include="DoNotInclude\VSSharedData\VSSharedRenderPassDataInternal.h">
      <Filter>Header Files</Filter>
    </ClInclude>
    <ClInclude Include="Include\VSCommon\VSRenderPassAttachmentOP.h">
      <Filter>Header Files</Filter>
    </ClInclude>
    <ClInclude Include="Include\VSCommon\VSRenderPassAttachmentOPDef.h">
      <Filter>Header Files</Filter>
    </ClInclude>
    <ClInclude Include="Include\VSSharedData\VSRenderPassClearValueID.h">
      <Filter>Header Files</Filter>
    </ClInclude>
    <ClInclude Include="Include\VSSharedData\VSSharedRenderPassDataListsCapacities.h">
      <Filter>Header Files</Filter>
    </ClInclude>
    <ClInclude Include="Include\VSCommon\VSImageLayoutFlagsDef.h">
      <Filter>Header Files</Filter>
    </ClInclude>
    <ClInclude Include="Include\VSCommon\VSImageLayoutFlags.h">
      <Filter>Header Files</Filter>
    </ClInclude>
    <ClInclude Include="Include\VSCommon\VSPipelineStageFlagsDef.h">
      <Filter>Header Files</Filter>
    </ClInclude>
    <ClInclude Include="Include\VSCommon\VSPipelineStageFlags.h">
      <Filter>Header Files</Filter>
    </ClInclude>
    <ClInclude Include="Include\VSCommon\VSAccessFlagsDef.h">
      <Filter>Header Files</Filter>
    </ClInclude>
    <ClInclude Include="Include\VSCommon\VSAccessFlags.h">
      <Filter>Header Files</Filter>
    </ClInclude>
    <ClInclude Include="DoNotInclude\VSCommon\VSPipelineStageFlagsInternal.h">
      <Filter>Header Files</Filter>
    </ClInclude>
    <ClInclude Include="Include\VSSharedData\VSSharedRenderPassDataList.h">
      <Filter>Header Files</Filter>
    </ClInclude>
    <ClInclude Include="DoNotInclude\VSDevice\VSRenderPassDataListInternal.h">
      <Filter>Header Files</Filter>
    </ClInclude>
    <ClInclude Include="DoNotInclude\VSDevice\VSAutoCleanupRenderPass.h">
      <Filter>Header Files</Filter>
    </ClInclude>
    <ClInclude Include="Include\VSDevice\VSRenderPassListInitialCapacities.h">
      <Filter>Header Files</Filter>
    </ClInclude>
    <ClInclude Include="Include\VSDevice\VSRenderPassDataList.h">
      <Filter>Header Files</Filter>
    </ClInclude>
    <ClInclude Include="Include\VSDevice\VSSubpassCreationDataWithoutResolving.h">
      <Filter>Header Files</Filter>
    </ClInclude>
    <ClInclude Include="Include\VSDevice\VSAttachmentReferenceDef.h">
      <Filter>Header Files</Filter>
    </ClInclude>
    <ClInclude Include="Include\VSDevice\VSSubpassCreationDataWithResolving.h">
      <Filter>Header Files</Filter>
    </ClInclude>
    <ClInclude Include="DoNotInclude\VSDevice\VSAutoCleanupPipelineLayout.h">
      <Filter>Header Files</Filter>
    </ClInclude>
    <ClInclude Include="DoNotInclude\VSDevice\VSAutoCleanupGraphicsPipeline.h">
      <Filter>Header Files</Filter>
    </ClInclude>
    <ClInclude Include="DoNotInclude\VSDevice\VSPipelineDataListsInternal.h">
      <Filter>Header Files</Filter>
    </ClInclude>
    <ClInclude Include="Include\VSDevice\VSPipelineDataListsInitialCapacities.h">
      <Filter>Header Files</Filter>
    </ClInclude>
    <ClInclude Include="Include\VSDevice\VSPipelineDataLists.h">
      <Filter>Header Files</Filter>
    </ClInclude>
    <ClInclude Include="Include\VSDevice\VSPipelineLayoutCreationData.h">
      <Filter>Header Files</Filter>
    </ClInclude>
    <ClInclude Include="Include\VSDevice\VSGraphicsPipelineCreationData.h">
      <Filter>Header Files</Filter>
    </ClInclude>
    <ClInclude Include="Include\VSDevice\VSArbitraryShaderID.h">
      <Filter>Header Files</Filter>
    </ClInclude>
    <ClInclude Include="Include\VSDevice\VSShaderTypeFlagsDef.h">
      <Filter>Header Files</Filter>
    </ClInclude>
    <ClInclude Include="Include\VSDevice\VSShaderTypeFlags.h">
      <Filter>Header Files</Filter>
    </ClInclude>
  </ItemGroup>
  <ItemGroup>
    <ClCompile Include="Include\VSCommon\VSCommonIpch.cpp">
      <Filter>Source Files\Include\Common</Filter>
    </ClCompile>
    <ClCompile Include="Include\VSMain\EventHandler\SdlAppEventsData.cpp">
      <Filter>Source Files\Include\Main\EventHandler</Filter>
    </ClCompile>
    <ClCompile Include="Include\VSMain\EventHandler\SdlAudioDeviceEventData.cpp">
      <Filter>Source Files\Include\Main\EventHandler</Filter>
    </ClCompile>
    <ClCompile Include="Include\VSMain\EventHandler\SdlClipboardEventData.cpp">
      <Filter>Source Files\Include\Main\EventHandler</Filter>
    </ClCompile>
    <ClCompile Include="Include\VSMain\EventHandler\SdlControllerEventsData.cpp">
      <Filter>Source Files\Include\Main\EventHandler</Filter>
    </ClCompile>
    <ClCompile Include="Include\VSMain\EventHandler\SdlDisplayEventData.cpp">
      <Filter>Source Files\Include\Main\EventHandler</Filter>
    </ClCompile>
    <ClCompile Include="Include\VSMain\EventHandler\SdlDropEventData.cpp">
      <Filter>Source Files\Include\Main\EventHandler</Filter>
    </ClCompile>
    <ClCompile Include="Include\VSMain\EventHandler\SdlEhIpch.cpp">
      <Filter>Source Files\Include\Main\EventHandler</Filter>
    </ClCompile>
    <ClCompile Include="Include\VSMain\EventHandler\SdlEventHandler.cpp">
      <Filter>Source Files\Include\Main\EventHandler</Filter>
    </ClCompile>
    <ClCompile Include="Include\VSMain\EventHandler\SdlEventHandlerInitData.cpp">
      <Filter>Source Files\Include\Main\EventHandler</Filter>
    </ClCompile>
    <ClCompile Include="Include\VSMain\EventHandler\SdlJoyEventsData.cpp">
      <Filter>Source Files\Include\Main\EventHandler</Filter>
    </ClCompile>
    <ClCompile Include="Include\VSMain\EventHandler\SdlKeyboardEventsData.cpp">
      <Filter>Source Files\Include\Main\EventHandler</Filter>
    </ClCompile>
    <ClCompile Include="Include\VSMain\EventHandler\SdlLocaleChangedEventData.cpp">
      <Filter>Source Files\Include\Main\EventHandler</Filter>
    </ClCompile>
    <ClCompile Include="Include\VSMain\EventHandler\SdlMouseEventsData.cpp">
      <Filter>Source Files\Include\Main\EventHandler</Filter>
    </ClCompile>
    <ClCompile Include="Include\VSMain\EventHandler\SdlQuitEventData.cpp">
      <Filter>Source Files\Include\Main\EventHandler</Filter>
    </ClCompile>
    <ClCompile Include="Include\VSMain\EventHandler\SdlRenderEventsData.cpp">
      <Filter>Source Files\Include\Main\EventHandler</Filter>
    </ClCompile>
    <ClCompile Include="Include\VSMain\EventHandler\SdlSensorEventData.cpp">
      <Filter>Source Files\Include\Main\EventHandler</Filter>
    </ClCompile>
    <ClCompile Include="Include\VSMain\EventHandler\SdlTextEventsData.cpp">
      <Filter>Source Files\Include\Main\EventHandler</Filter>
    </ClCompile>
    <ClCompile Include="Include\VSMain\EventHandler\SdlTouchpadEventData.cpp">
      <Filter>Source Files\Include\Main\EventHandler</Filter>
    </ClCompile>
    <ClCompile Include="Include\VSMain\EventHandler\SdlUserEventData.cpp">
      <Filter>Source Files\Include\Main\EventHandler</Filter>
    </ClCompile>
    <ClCompile Include="Include\VSMain\EventHandler\SdlWindowEventData.cpp">
      <Filter>Source Files\Include\Main\EventHandler</Filter>
    </ClCompile>
    <ClCompile Include="DoNotInclude\VSMain\EventHandler\SdlEhNIpch.cpp">
      <Filter>Source Files\DoNotInclude\Main\EventHandler</Filter>
    </ClCompile>
    <ClCompile Include="DoNotInclude\VSMain\EventHandler\SdlEventHandlerInternal.cpp">
      <Filter>Source Files\DoNotInclude\Main\EventHandler</Filter>
    </ClCompile>
    <ClCompile Include="Include\VSMain\VSInstanceExtensionPacksList.cpp">
      <Filter>Source Files\Include\Main</Filter>
    </ClCompile>
    <ClCompile Include="Include\VSMain\VSInstanceLayerPacksList.cpp">
      <Filter>Source Files\Include\Main</Filter>
    </ClCompile>
    <ClCompile Include="Include\VSCommon\VSVersionData.cpp">
      <Filter>Source Files\Include\Common</Filter>
    </ClCompile>
    <ClCompile Include="Include\VSMain\VSMain.cpp">
      <Filter>Source Files\Include\Main</Filter>
    </ClCompile>
    <ClCompile Include="Include\VSMain\VSMainInitData.cpp">
      <Filter>Source Files\Include\Main</Filter>
    </ClCompile>
    <ClCompile Include="Include\VSMain\VSMainIpch.cpp">
      <Filter>Source Files\Include\Main</Filter>
    </ClCompile>
    <ClCompile Include="DoNotInclude\VSMain\VSMainInternal.cpp">
      <Filter>Source Files\DoNotInclude\Main</Filter>
    </ClCompile>
    <ClCompile Include="DoNotInclude\VSMain\VSMainNIpch.cpp">
      <Filter>Source Files\DoNotInclude\Main</Filter>
    </ClCompile>
    <ClCompile Include="Include\VSInstance\VSInstance.cpp">
      <Filter>Source Files\Include\Instance</Filter>
    </ClCompile>
    <ClCompile Include="Include\VSInstance\VSInstanceCreationData.cpp">
      <Filter>Source Files\Include\Instance</Filter>
    </ClCompile>
    <ClCompile Include="Include\VSInstance\VSInstanceIpch.cpp">
      <Filter>Source Files\Include\Instance</Filter>
    </ClCompile>
    <ClCompile Include="DoNotInclude\VSInstance\VSDebugCallback.cpp">
      <Filter>Source Files\DoNotInclude\Instance</Filter>
    </ClCompile>
    <ClCompile Include="DoNotInclude\VSInstance\VSInstanceInternalCreationData.cpp">
      <Filter>Source Files\DoNotInclude\Instance</Filter>
    </ClCompile>
    <ClCompile Include="DoNotInclude\VSInstance\VSInstanceInternal.cpp">
      <Filter>Source Files\DoNotInclude\Instance</Filter>
    </ClCompile>
    <ClCompile Include="DoNotInclude\VSInstance\VSInstanceNIpch.cpp">
      <Filter>Source Files\DoNotInclude\Instance</Filter>
    </ClCompile>
    <ClCompile Include="Include\VSCommon\VSBool64.cpp">
      <Filter>Source Files\Include\Common</Filter>
    </ClCompile>
    <ClCompile Include="DoNotInclude\VSCommon\VSCommonNIpch.cpp">
      <Filter>Source Files\DoNotInclude\Instance</Filter>
    </ClCompile>
    <ClCompile Include="DoNotInclude\VSCommon\VSCStringsComparison.cpp">
      <Filter>Source Files\DoNotInclude\Common</Filter>
    </ClCompile>
    <ClCompile Include="Include\VSCommon\VSDataFormatFlags.cpp">
      <Filter>Source Files\Include\Common</Filter>
    </ClCompile>
    <ClCompile Include="DoNotInclude\VSCommon\VSDataFormatFlagsInternal.cpp">
      <Filter>Source Files\DoNotInclude\Common</Filter>
    </ClCompile>
    <ClCompile Include="Include\VSDevice\VSDeviceMain.cpp">
      <Filter>Source Files\Include\Device</Filter>
    </ClCompile>
    <ClCompile Include="Include\VSDevice\VSDeviceIpch.cpp">
      <Filter>Source Files\Include\Device</Filter>
    </ClCompile>
    <ClCompile Include="Include\VSDevice\VSDeviceCore.cpp">
      <Filter>Source Files\Include\Device</Filter>
    </ClCompile>
    <ClCompile Include="DoNotInclude\VSDevice\VSDeviceCoreInternal.cpp">
      <Filter>Source Files\DoNotInclude\Device</Filter>
    </ClCompile>
    <ClCompile Include="DoNotInclude\VSDevice\VSDeviceMainInternal.cpp">
      <Filter>Source Files\DoNotInclude\Device</Filter>
    </ClCompile>
    <ClCompile Include="DoNotInclude\VSDevice\VSDeviceNIpch.cpp">
      <Filter>Source Files\DoNotInclude\Device</Filter>
    </ClCompile>
    <ClCompile Include="Include\VSInstance\VSDeviceExtensionPacksList.cpp">
      <Filter>Source Files\Include\Instance</Filter>
    </ClCompile>
    <ClCompile Include="Include\VSInstance\VSDeviceQueueFamilyData.cpp">
      <Filter>Source Files\Include\Instance</Filter>
    </ClCompile>
    <ClCompile Include="Include\VSInstance\VSDevicesSupportedFormats.cpp">
      <Filter>Source Files\Include\Instance</Filter>
    </ClCompile>
    <ClCompile Include="Include\VSInstance\VSDeviceSwapchainSupportData.cpp">
      <Filter>Source Files\Include\Instance</Filter>
    </ClCompile>
    <ClCompile Include="Include\VSInstance\VSDeviceVulkan10Features.cpp">
      <Filter>Source Files\Include\Instance</Filter>
    </ClCompile>
    <ClCompile Include="Include\VSInstance\VSDeviceVulkan10Limits.cpp">
      <Filter>Source Files\Include\Instance</Filter>
    </ClCompile>
    <ClCompile Include="Include\VSInstance\VSDeviceVulkan10Properties.cpp">
      <Filter>Source Files\Include\Instance</Filter>
    </ClCompile>
    <ClCompile Include="Include\VSInstance\VSLogicalDeviceCreateInfo.cpp">
      <Filter>Source Files\Include\Instance</Filter>
    </ClCompile>
    <ClCompile Include="DoNotInclude\VSInstance\VsLogicalDeviceInternalCreationData.cpp">
      <Filter>Source Files\DoNotInclude\Instance</Filter>
    </ClCompile>
    <ClCompile Include="Include\VSCommon\VSMemoryData.cpp">
      <Filter>Source Files\Include\Common</Filter>
    </ClCompile>
    <ClCompile Include="Include\VSInstance\VSPhysicalDeviceData.cpp">
      <Filter>Source Files\Include\Instance</Filter>
    </ClCompile>
    <ClCompile Include="DoNotInclude\VSInstance\VSPhysicalDeviceDataInternal.cpp">
      <Filter>Source Files\DoNotInclude\Instance</Filter>
    </ClCompile>
    <ClCompile Include="DoNotInclude\VSDevice\VSAutoCleanupFragmentShaderModule.cpp">
      <Filter>Source Files\DoNotInclude\Device</Filter>
    </ClCompile>
    <ClCompile Include="DoNotInclude\VSDevice\VSAutoCleanupShaderModule.cpp">
      <Filter>Source Files\DoNotInclude\Device</Filter>
    </ClCompile>
    <ClCompile Include="DoNotInclude\VSDevice\VSAutoCleanupVertexShaderModule.cpp">
      <Filter>Source Files\DoNotInclude\Device</Filter>
    </ClCompile>
    <ClCompile Include="DoNotInclude\VSDevice\VSShaderListsInternal.cpp">
      <Filter>Source Files\DoNotInclude\Device</Filter>
    </ClCompile>
    <ClCompile Include="DoNotInclude\VSDevice\VSWindowInternal.cpp">
      <Filter>Source Files\DoNotInclude\Device</Filter>
    </ClCompile>
    <ClCompile Include="DoNotInclude\VSDevice\VSWindowListInternal.cpp">
      <Filter>Source Files\DoNotInclude\Device</Filter>
    </ClCompile>
    <ClCompile Include="Include\VSDevice\VSDeviceInitialCapacitiesList.cpp">
      <Filter>Source Files\Include\Device</Filter>
    </ClCompile>
    <ClCompile Include="Include\VSDevice\VSWindowListInitialCapacities.cpp">
      <Filter>Source Files\Include\Device</Filter>
    </ClCompile>
    <ClCompile Include="Include\VSDevice\VSShaderLists.cpp">
      <Filter>Source Files\Include\Device</Filter>
    </ClCompile>
    <ClCompile Include="Include\VSDevice\VSShaderListsInitialCapacitiesList.cpp">
      <Filter>Source Files\Include\Device</Filter>
    </ClCompile>
    <ClCompile Include="Include\VSDevice\VSSwapchainCreationData.cpp">
      <Filter>Source Files\Include\Device</Filter>
    </ClCompile>
    <ClCompile Include="Include\VSDevice\VSWindow.cpp">
      <Filter>Source Files\Include\Device</Filter>
    </ClCompile>
    <ClCompile Include="Include\VSDevice\VSWindowCreationData.cpp">
      <Filter>Source Files\Include\Device</Filter>
    </ClCompile>
    <ClCompile Include="Include\VSDevice\VSWindowList.cpp">
      <Filter>Source Files\Include\Device</Filter>
    </ClCompile>
    <ClCompile Include="DoNotInclude\VSSharedData\VSSharedNIpch.cpp">
      <Filter>Source Files</Filter>
    </ClCompile>
    <ClCompile Include="Include\VSSharedData\VSSharedIpch.cpp">
      <Filter>Source Files</Filter>
    </ClCompile>
    <ClCompile Include="Include\VSSharedData\VSSharedPipelineDataListsCapacities.cpp">
      <Filter>Source Files</Filter>
    </ClCompile>
    <ClCompile Include="DoNotInclude\VSSharedData\VSSharedPipelineDataListInternal.cpp">
      <Filter>Source Files</Filter>
    </ClCompile>
    <ClCompile Include="Include\VSSharedData\VSSharedDataListsCapacities.cpp">
      <Filter>Source Files</Filter>
    </ClCompile>
    <ClCompile Include="DoNotInclude\VSSharedData\VSSharedDataMainListInternal.cpp">
      <Filter>Source Files</Filter>
    </ClCompile>
    <ClCompile Include="Include\VSSharedData\VSSharedPipelineDataList.cpp">
      <Filter>Source Files</Filter>
    </ClCompile>
    <ClCompile Include="Include\VSSharedData\VSSharedDataMainList.cpp">
      <Filter>Source Files</Filter>
    </ClCompile>
    <ClCompile Include="DoNotInclude\VSSharedData\VSShaderSpecializationElement.cpp">
      <Filter>Source Files</Filter>
    </ClCompile>
    <ClCompile Include="DoNotInclude\VSSharedData\VSSharedShaderPipelineData.cpp">
      <Filter>Source Files</Filter>
    </ClCompile>
    <ClCompile Include="DoNotInclude\VSSharedData\VSVertexAttributeDescriptionData.cpp">
      <Filter>Source Files</Filter>
    </ClCompile>
    <ClCompile Include="DoNotInclude\VSSharedData\VSVertexBindingDescriptionData.cpp">
      <Filter>Source Files</Filter>
    </ClCompile>
    <ClCompile Include="Include\VSSharedData\VSVertexBindingInputRate.cpp">
      <Filter>Source Files</Filter>
    </ClCompile>
    <ClCompile Include="DoNotInclude\VSSharedData\VSVertexInputSharedPipelineData.cpp">
      <Filter>Source Files</Filter>
    </ClCompile>
    <ClCompile Include="DoNotInclude\VSSharedData\VSPipelineViewportData.cpp">
      <Filter>Source Files</Filter>
    </ClCompile>
    <ClCompile Include="DoNotInclude\VSSharedData\VSPipelineRasterizationData.cpp">
      <Filter>Source Files</Filter>
    </ClCompile>
    <ClCompile Include="DoNotInclude\VSSharedData\VSPipelineScissorData.cpp">
      <Filter>Source Files</Filter>
    </ClCompile>
    <ClCompile Include="DoNotInclude\VSSharedData\VSPipelineInputAssemblyData.cpp">
      <Filter>Source Files</Filter>
    </ClCompile>
    <ClCompile Include="Include\VSSharedData\VSPipelinePrimitiveTopology.cpp">
      <Filter>Source Files</Filter>
    </ClCompile>
    <ClCompile Include="Include\VSSharedData\VSPipelinePolygonMode.cpp">
      <Filter>Source Files</Filter>
    </ClCompile>
    <ClCompile Include="DoNotInclude\VSSharedData\VSPipelineMultisampleData.cpp">
      <Filter>Source Files</Filter>
    </ClCompile>
    <ClCompile Include="DoNotInclude\VSSharedData\VSPipelineDepthStencilStateData.cpp">
      <Filter>Source Files</Filter>
    </ClCompile>
    <ClCompile Include="Include\VSSharedData\VSDepthUsage.cpp">
      <Filter>Source Files</Filter>
    </ClCompile>
    <ClCompile Include="DoNotInclude\VSSharedData\VSPipelineColorBlendAttachment.cpp">
      <Filter>Source Files</Filter>
    </ClCompile>
    <ClCompile Include="Include\VSSharedData\VSColorBlendingComponentFlags.cpp">
      <Filter>Source Files</Filter>
    </ClCompile>
    <ClCompile Include="Include\VSSharedData\VSColorBlendingPreset.cpp">
      <Filter>Source Files</Filter>
    </ClCompile>
    <ClCompile Include="DoNotInclude\VSSharedData\VSPushConstantData.cpp">
      <Filter>Source Files</Filter>
    </ClCompile>
    <ClCompile Include="DoNotInclude\VSSharedData\VSSharedDescriptorDataListInternal.cpp">
      <Filter>Source Files</Filter>
    </ClCompile>
    <ClCompile Include="DoNotInclude\VSSharedData\VSDescriptorSetLayoutBindingData.cpp">
      <Filter>Source Files</Filter>
    </ClCompile>
    <ClCompile Include="Include\VSSharedData\VSSharedDescriptorDataListCapacities.cpp">
      <Filter>Source Files</Filter>
    </ClCompile>
    <ClCompile Include="Include\VSSharedData\VSSharedDescriptorDataList.cpp">
      <Filter>Source Files</Filter>
    </ClCompile>
    <ClCompile Include="DoNotInclude\VSDevice\VSDescriptorDataListInternal.cpp">
      <Filter>Source Files</Filter>
    </ClCompile>
    <ClCompile Include="DoNotInclude\VSDevice\VSAutoCleanupDescriptorSetLayout.cpp">
      <Filter>Source Files</Filter>
    </ClCompile>
    <ClCompile Include="Include\VSDevice\VSDescriptorListsInitialCapacities.cpp">
      <Filter>Source Files</Filter>
    </ClCompile>
    <ClCompile Include="Include\VSDevice\VSDescriptorDataList.cpp">
      <Filter>Source Files</Filter>
    </ClCompile>
    <ClCompile Include="DoNotInclude\VSSharedData\VSRenderPassAttachmentData.cpp">
      <Filter>Source Files</Filter>
    </ClCompile>
    <ClCompile Include="DoNotInclude\VSSharedData\VSRenderPassAttachmentReference.cpp">
      <Filter>Source Files</Filter>
    </ClCompile>
    <ClCompile Include="DoNotInclude\VSSharedData\VSSubpassDependencyData.cpp">
      <Filter>Source Files</Filter>
    </ClCompile>
    <ClCompile Include="DoNotInclude\VSSharedData\VSRenderPassClearValues.cpp">
      <Filter>Source Files</Filter>
    </ClCompile>
    <ClCompile Include="DoNotInclude\VSSharedData\VSSharedRenderPassDataInternal.cpp">
      <Filter>Source Files</Filter>
    </ClCompile>
    <ClCompile Include="Include\VSSharedData\VSRenderPassClearValueID.cpp">
      <Filter>Source Files</Filter>
    </ClCompile>
    <ClCompile Include="Include\VSSharedData\VSSharedRenderPassDataListsCapacities.cpp">
      <Filter>Source Files</Filter>
    </ClCompile>
    <ClCompile Include="DoNotInclude\VSCommon\VSPipelineStageFlagsInternal.cpp">
      <Filter>Source Files</Filter>
    </ClCompile>
    <ClCompile Include="Include\VSSharedData\VSSharedRenderPassDataList.cpp">
      <Filter>Source Files</Filter>
    </ClCompile>
    <ClCompile Include="DoNotInclude\VSDevice\VSRenderPassDataListInternal.cpp">
      <Filter>Source Files</Filter>
    </ClCompile>
    <ClCompile Include="DoNotInclude\VSDevice\VSAutoCleanupRenderPass.cpp">
      <Filter>Source Files</Filter>
    </ClCompile>
    <ClCompile Include="Include\VSDevice\VSRenderPassListInitialCapacities.cpp">
      <Filter>Source Files</Filter>
    </ClCompile>
    <ClCompile Include="Include\VSDevice\VSRenderPassDataList.cpp">
      <Filter>Source Files</Filter>
    </ClCompile>
    <ClCompile Include="Include\VSDevice\VSSubpassCreationDataWithoutResolving.cpp">
      <Filter>Source Files</Filter>
    </ClCompile>
    <ClCompile Include="Include\VSDevice\VSSubpassCreationDataWithResolving.cpp">
      <Filter>Source Files</Filter>
    </ClCompile>
    <ClCompile Include="DoNotInclude\VSDevice\VSAutoCleanupPipelineLayout.cpp">
      <Filter>Source Files</Filter>
    </ClCompile>
    <ClCompile Include="DoNotInclude\VSDevice\VSAutoCleanupGraphicsPipeline.cpp">
      <Filter>Source Files</Filter>
    </ClCompile>
    <ClCompile Include="DoNotInclude\VSDevice\VSPipelineDataListsInternal.cpp">
      <Filter>Source Files</Filter>
    </ClCompile>
    <ClCompile Include="Include\VSDevice\VSPipelineDataListsInitialCapacities.cpp">
      <Filter>Source Files</Filter>
    </ClCompile>
    <ClCompile Include="Include\VSDevice\VSPipelineDataLists.cpp">
      <Filter>Source Files</Filter>
    </ClCompile>
    <ClCompile Include="Include\VSDevice\VSPipelineLayoutCreationData.cpp">
      <Filter>Source Files</Filter>
    </ClCompile>
    <ClCompile Include="Include\VSDevice\VSGraphicsPipelineCreationData.cpp">
      <Filter>Source Files</Filter>
    </ClCompile>
    <ClCompile Include="Include\VSDevice\VSArbitraryShaderID.cpp">
      <Filter>Source Files</Filter>
    </ClCompile>
  </ItemGroup>
</Project>