<?xml version="1.0" encoding="utf-8"?>
<Project ToolsVersion="4.0" xmlns="http://schemas.microsoft.com/developer/msbuild/2003">
  <ItemGroup>
    <Filter Include="Source Files">
      <UniqueIdentifier>{4FC737F1-C7A5-4376-A066-2A32D752A2FF}</UniqueIdentifier>
      <Extensions>cpp;c;cc;cxx;c++;cppm;ixx;def;odl;idl;hpj;bat;asm;asmx</Extensions>
    </Filter>
    <Filter Include="Header Files">
      <UniqueIdentifier>{93995380-89BD-4b04-88EB-625FBE52EBFB}</UniqueIdentifier>
      <Extensions>h;hh;hpp;hxx;h++;hm;inl;inc;ipp;xsd</Extensions>
    </Filter>
    <Filter Include="Resource Files">
      <UniqueIdentifier>{67DA6AB6-F800-4c08-8B7A-83BB121AAD01}</UniqueIdentifier>
      <Extensions>rc;ico;cur;bmp;dlg;rc2;rct;bin;rgs;gif;jpg;jpeg;jpe;resx;tiff;tif;png;wav;mfcribbon-ms</Extensions>
    </Filter>
    <Filter Include="Header Files\VulkanData">
      <UniqueIdentifier>{2810457c-6c48-4996-a493-8a1a773cef91}</UniqueIdentifier>
    </Filter>
    <Filter Include="Header Files\CreateData">
      <UniqueIdentifier>{0a9a79ca-3351-4c08-9c80-395524e6f697}</UniqueIdentifier>
    </Filter>
    <Filter Include="Header Files\Other">
      <UniqueIdentifier>{bb856b09-4050-4c79-8473-ae9727c23c64}</UniqueIdentifier>
    </Filter>
    <Filter Include="Source Files\CreateData">
      <UniqueIdentifier>{f5ea0ad8-2d0b-4c89-abda-644df2ba080c}</UniqueIdentifier>
    </Filter>
    <Filter Include="Source Files\Other">
      <UniqueIdentifier>{cdeb3170-de63-4ed0-a026-26b8bdc4eb89}</UniqueIdentifier>
    </Filter>
    <Filter Include="Source Files\VulkanData">
      <UniqueIdentifier>{f89d2e56-acc6-4dfd-931e-6c6361dc9001}</UniqueIdentifier>
    </Filter>
  </ItemGroup>
  <ItemGroup>
    <ClCompile Include="CreateBasicData.cpp">
      <Filter>Source Files\CreateData</Filter>
    </ClCompile>
    <ClCompile Include="CreateDeviceDependentData.cpp">
      <Filter>Source Files\CreateData</Filter>
    </ClCompile>
    <ClCompile Include="CreateInstanceDependentData.cpp">
      <Filter>Source Files\CreateData</Filter>
    </ClCompile>
    <ClCompile Include="CreateMemoryData.cpp">
      <Filter>Source Files\CreateData</Filter>
    </ClCompile>
    <ClCompile Include="CreatePipelineData.cpp">
      <Filter>Source Files\CreateData</Filter>
    </ClCompile>
    <ClCompile Include="CreateRenderPassData.cpp">
      <Filter>Source Files\CreateData</Filter>
    </ClCompile>
    <ClCompile Include="CreateSharedData.cpp">
      <Filter>Source Files\CreateData</Filter>
    </ClCompile>
    <ClCompile Include="MainSettings.cpp">
      <Filter>Source Files\Other</Filter>
    </ClCompile>
    <ClCompile Include="MiscFunctions.cpp">
      <Filter>Source Files\Other</Filter>
    </ClCompile>
    <ClCompile Include="pch.cpp">
      <Filter>Source Files\Other</Filter>
    </ClCompile>
    <ClCompile Include="RunProgram.cpp">
      <Filter>Source Files\Other</Filter>
    </ClCompile>
    <ClCompile Include="VulkanBasicData.cpp">
      <Filter>Source Files\VulkanData</Filter>
    </ClCompile>
    <ClCompile Include="VulkanData.cpp">
      <Filter>Source Files\VulkanData</Filter>
    </ClCompile>
    <ClCompile Include="VulkanDeviceDependentData.cpp">
      <Filter>Source Files\VulkanData</Filter>
    </ClCompile>
    <ClCompile Include="VulkanInstanceDependentData.cpp">
      <Filter>Source Files\VulkanData</Filter>
    </ClCompile>
    <ClCompile Include="VulkanPipelineData.cpp">
      <Filter>Source Files\VulkanData</Filter>
    </ClCompile>
    <ClCompile Include="VulkanRenderPassData.cpp">
      <Filter>Source Files\VulkanData</Filter>
    </ClCompile>
    <ClCompile Include="VulkanSharedData.cpp">
      <Filter>Source Files\VulkanData</Filter>
    </ClCompile>
    <ClCompile Include="VulkanSynchronizationData.cpp">
      <Filter>Source Files\VulkanData</Filter>
    </ClCompile>
    <ClCompile Include="CreateSynchronizationData.cpp">
      <Filter>Source Files\CreateData</Filter>
    </ClCompile>
    <ClCompile Include="VulkanCommandBufferData.cpp">
      <Filter>Source Files\VulkanData</Filter>
    </ClCompile>
    <ClCompile Include="CreateCommandBufferData.cpp">
      <Filter>Source Files\CreateData</Filter>
    </ClCompile>
    <ClCompile Include="RunFrame.cpp">
      <Filter>Source Files\Other</Filter>
    </ClCompile>
    <ClCompile Include="VulkanSimplifiedTest.cpp">
      <Filter>Source Files\Other</Filter>
    </ClCompile>
    <ClCompile Include="VertexData.cpp">
      <Filter>Source Files\Other</Filter>
    </ClCompile>
    <ClCompile Include="VulkanFrameData.cpp">
      <Filter>Source Files\VulkanData</Filter>
    </ClCompile>
    <ClCompile Include="CreateFrameData.cpp">
      <Filter>Source Files\CreateData</Filter>
    </ClCompile>
    <ClCompile Include="VulkanDescriptorData.cpp">
      <Filter>Source Files\VulkanData</Filter>
    </ClCompile>
    <ClCompile Include="CreateDescriptorData.cpp">
      <Filter>Source Files\CreateData</Filter>
    </ClCompile>
    <ClCompile Include="VulkanTextureData.cpp">
      <Filter>Source Files\VulkanData</Filter>
    </ClCompile>
    <ClCompile Include="CreateTextureData.cpp">
      <Filter>Source Files\CreateData</Filter>
    </ClCompile>
  </ItemGroup>
  <ItemGroup>
    <ClInclude Include="VulkanBasicData.h">
      <Filter>Header Files\VulkanData</Filter>
    </ClInclude>
    <ClInclude Include="VulkanData.h">
      <Filter>Header Files\VulkanData</Filter>
    </ClInclude>
    <ClInclude Include="VulkanDeviceDependentData.h">
      <Filter>Header Files\VulkanData</Filter>
    </ClInclude>
    <ClInclude Include="VulkanInstanceDependentData.h">
      <Filter>Header Files\VulkanData</Filter>
    </ClInclude>
    <ClInclude Include="VulkanMemoryData.h">
      <Filter>Header Files\VulkanData</Filter>
    </ClInclude>
    <ClInclude Include="VulkanPipelineData.h">
      <Filter>Header Files\VulkanData</Filter>
    </ClInclude>
    <ClInclude Include="VulkanRenderPassData.h">
      <Filter>Header Files\VulkanData</Filter>
    </ClInclude>
    <ClInclude Include="VulkanSharedData.h">
      <Filter>Header Files\VulkanData</Filter>
    </ClInclude>
    <ClInclude Include="CreateBasicData.h">
      <Filter>Header Files\CreateData</Filter>
    </ClInclude>
    <ClInclude Include="CreateDeviceDependentData.h">
      <Filter>Header Files\CreateData</Filter>
    </ClInclude>
    <ClInclude Include="CreateInstanceDependentData.h">
      <Filter>Header Files\CreateData</Filter>
    </ClInclude>
    <ClInclude Include="CreateMemoryData.h">
      <Filter>Header Files\CreateData</Filter>
    </ClInclude>
    <ClInclude Include="CreatePipelineData.h">
      <Filter>Header Files\CreateData</Filter>
    </ClInclude>
    <ClInclude Include="CreateRenderPassData.h">
      <Filter>Header Files\CreateData</Filter>
    </ClInclude>
    <ClInclude Include="CreateSharedData.h">
      <Filter>Header Files\CreateData</Filter>
    </ClInclude>
    <ClInclude Include="MainSettings.h">
      <Filter>Header Files\Other</Filter>
    </ClInclude>
    <ClInclude Include="MiscFunctions.h">
      <Filter>Header Files\Other</Filter>
    </ClInclude>
    <ClInclude Include="pch.h">
      <Filter>Header Files\Other</Filter>
    </ClInclude>
    <ClInclude Include="RunProgram.h">
      <Filter>Header Files\Other</Filter>
    </ClInclude>
    <ClInclude Include="SwapchainSizes.h">
      <Filter>Header Files\Other</Filter>
    </ClInclude>
    <ClInclude Include="VulkanSynchronizationData.h">
      <Filter>Header Files\VulkanData</Filter>
    </ClInclude>
    <ClInclude Include="CreateSynchronizationData.h">
      <Filter>Header Files\CreateData</Filter>
    </ClInclude>
    <ClInclude Include="VulkanCommandBufferData.h">
      <Filter>Header Files\VulkanData</Filter>
    </ClInclude>
    <ClInclude Include="CreateCommandBufferData.h">
      <Filter>Header Files\CreateData</Filter>
    </ClInclude>
    <ClInclude Include="RunFrame.h">
      <Filter>Header Files\Other</Filter>
    </ClInclude>
    <ClInclude Include="VertexData.h">
      <Filter>Header Files\Other</Filter>
    </ClInclude>
    <ClInclude Include="VulkanFrameData.h">
      <Filter>Header Files\VulkanData</Filter>
    </ClInclude>
    <ClInclude Include="CreateFrameData.h">
      <Filter>Header Files\CreateData</Filter>
    </ClInclude>
    <ClInclude Include="VulkanDescriptorData.h">
      <Filter>Header Files\VulkanData</Filter>
    </ClInclude>
    <ClInclude Include="CreateDescriptorData.h">
      <Filter>Header Files\CreateData</Filter>
    </ClInclude>
    <ClInclude Include="VulkanTextureData.h">
      <Filter>Header Files\VulkanData</Filter>
    </ClInclude>
    <ClInclude Include="CreateTextureData.h">
      <Filter>Header Files\CreateData</Filter>
    </ClInclude>
    <ClInclude Include="NamespaceAliases.h">
      <Filter>Header Files\Other</Filter>
    </ClInclude>
  </ItemGroup>
</Project>